
Microsoft Visual Studio Solution File, Format Version 12.00
# Visual Studio Version 16
VisualStudioVersion = 16.0.30104.148
MinimumVisualStudioVersion = 10.0.40219.1
Project("{9A19103F-16F7-4668-BE54-9A1E7A4F7556}") = "List", "List\List.csproj", "{1AC2E35A-9ECA-4195-83CE-62A0B56C0C09}"
EndProject
Project("{9A19103F-16F7-4668-BE54-9A1E7A4F7556}") = "Event", "Event\Event.csproj", "{106FCDDD-858C-492E-A425-FF01A29DE4A9}"
EndProject
Project("{FAE04EC0-301F-11D3-BF4B-00C04F79EFBC}") = "GAME_2", "GAME_2\GAME_2.csproj", "{696A7D97-31C9-44ED-8C1A-85F17A1D9E9D}"
EndProject
Global
	GlobalSection(SolutionConfigurationPlatforms) = preSolution
		Debug|Any CPU = Debug|Any CPU
		Release|Any CPU = Release|Any CPU
	EndGlobalSection
	GlobalSection(ProjectConfigurationPlatforms) = postSolution
		{1AC2E35A-9ECA-4195-83CE-62A0B56C0C09}.Debug|Any CPU.ActiveCfg = Debug|Any CPU
		{1AC2E35A-9ECA-4195-83CE-62A0B56C0C09}.Debug|Any CPU.Build.0 = Debug|Any CPU
		{1AC2E35A-9ECA-4195-83CE-62A0B56C0C09}.Release|Any CPU.ActiveCfg = Release|Any CPU
		{1AC2E35A-9ECA-4195-83CE-62A0B56C0C09}.Release|Any CPU.Build.0 = Release|Any CPU
		{106FCDDD-858C-492E-A425-FF01A29DE4A9}.Debug|Any CPU.ActiveCfg = Debug|Any CPU
		{106FCDDD-858C-492E-A425-FF01A29DE4A9}.Debug|Any CPU.Build.0 = Debug|Any CPU
		{106FCDDD-858C-492E-A425-FF01A29DE4A9}.Release|Any CPU.ActiveCfg = Release|Any CPU
		{106FCDDD-858C-492E-A425-FF01A29DE4A9}.Release|Any CPU.Build.0 = Release|Any CPU
		{696A7D97-31C9-44ED-8C1A-85F17A1D9E9D}.Debug|Any CPU.ActiveCfg = Debug|Any CPU
		{696A7D97-31C9-44ED-8C1A-85F17A1D9E9D}.Debug|Any CPU.Build.0 = Debug|Any CPU
		{696A7D97-31C9-44ED-8C1A-85F17A1D9E9D}.Release|Any CPU.ActiveCfg = Release|Any CPU
		{696A7D97-31C9-44ED-8C1A-85F17A1D9E9D}.Release|Any CPU.Build.0 = Release|Any CPU
	EndGlobalSection
	GlobalSection(SolutionProperties) = preSolution
		HideSolutionNode = FALSE
	EndGlobalSection
	GlobalSection(ExtensibilityGlobals) = postSolution
		SolutionGuid = {ABD13317-5149-49F6-8C9E-A729320431D0}
	EndGlobalSection
EndGlobal
